// !$*UTF8*$!
{
	archiveVersion = 1;
	classes = {
	};
	objectVersion = 56;
	objects = {

/* Begin PBXBuildFile section */
		3F7435E491FB4D3D8BD8ADF5 /* Pods_InstagramClone.framework in Frameworks */ = {isa = PBXBuildFile; fileRef = BBFE27019D1AD07D4E88C5A5 /* Pods_InstagramClone.framework */; };
		A47029292DA8E9C00024FBEE /* Extensions.swift in Sources */ = {isa = PBXBuildFile; fileRef = A47029282DA8E9C00024FBEE /* Extensions.swift */; };
		A470D5F72DAFB5A00062A804 /* CustomTextField.swift in Sources */ = {isa = PBXBuildFile; fileRef = A470D5F62DAFB5A00062A804 /* CustomTextField.swift */; };
		A470D5FA2DAFBA390062A804 /* UIButton+AttributedTitle.swift in Sources */ = {isa = PBXBuildFile; fileRef = A470D5F92DAFBA390062A804 /* UIButton+AttributedTitle.swift */; };
		A470D5FC2DAFC0700062A804 /* UIViewController+Gradient.swift in Sources */ = {isa = PBXBuildFile; fileRef = A470D5FB2DAFC0700062A804 /* UIViewController+Gradient.swift */; };
		A470D5FE2DAFC6870062A804 /* UIVIewController+NavigationBar.swift in Sources */ = {isa = PBXBuildFile; fileRef = A470D5FD2DAFC6870062A804 /* UIVIewController+NavigationBar.swift */; };
		A470D6002DAFCF8F0062A804 /* CustomButton.swift in Sources */ = {isa = PBXBuildFile; fileRef = A470D5FF2DAFCF8F0062A804 /* CustomButton.swift */; };
		A48006E92DBBA19A0031BB7E /* GoogleService-Info.plist in Resources */ = {isa = PBXBuildFile; fileRef = A48006E82DBBA19A0031BB7E /* GoogleService-Info.plist */; };
		A48F69272DB2806700523B56 /* LoginViewModel.swift in Sources */ = {isa = PBXBuildFile; fileRef = A48F69262DB2806700523B56 /* LoginViewModel.swift */; };
		A4A195982DA92A2F000C77CA /* ThemeManager.swift in Sources */ = {isa = PBXBuildFile; fileRef = A4A195972DA92A2F000C77CA /* ThemeManager.swift */; };
		A4A1959A2DA9309B000C77CA /* CustomTabBar.swift in Sources */ = {isa = PBXBuildFile; fileRef = A4A195992DA9309B000C77CA /* CustomTabBar.swift */; };
		A4CCF55B2DACC8A900F73878 /* HomeCell.swift in Sources */ = {isa = PBXBuildFile; fileRef = A4CCF55A2DACC8A900F73878 /* HomeCell.swift */; };
		A4DF48A72DAE5C9C0031D04B /* LoginViewController.swift in Sources */ = {isa = PBXBuildFile; fileRef = A4DF48A62DAE5C9C0031D04B /* LoginViewController.swift */; };
		A4DF48A92DAE5CE50031D04B /* RegistrationViewController.swift in Sources */ = {isa = PBXBuildFile; fileRef = A4DF48A82DAE5CE50031D04B /* RegistrationViewController.swift */; };
		A4F090812DB6045D00F989A4 /* AuthenticationContract.swift in Sources */ = {isa = PBXBuildFile; fileRef = A4F090802DB6045D00F989A4 /* AuthenticationContract.swift */; };
		A4F090832DB604BA00F989A4 /* RegistrationViewModel.swift in Sources */ = {isa = PBXBuildFile; fileRef = A4F090822DB604BA00F989A4 /* RegistrationViewModel.swift */; };
		A4F090862DB6112D00F989A4 /* SettingsManager.swift in Sources */ = {isa = PBXBuildFile; fileRef = A4F090852DB6112D00F989A4 /* SettingsManager.swift */; };
		A4F090882DB64F2C00F989A4 /* UIViewController+Alert.swift in Sources */ = {isa = PBXBuildFile; fileRef = A4F090872DB64F2C00F989A4 /* UIViewController+Alert.swift */; };
		D0192AD02DBD04250005171A /* ImageUploaderService.swift in Sources */ = {isa = PBXBuildFile; fileRef = D0192ACF2DBD04250005171A /* ImageUploaderService.swift */; };
		D0E261212D15E0F7003D6C71 /* AppDelegate.swift in Sources */ = {isa = PBXBuildFile; fileRef = D0E261202D15E0F7003D6C71 /* AppDelegate.swift */; };
		D0E261282D15E0F7003D6C71 /* Base in Resources */ = {isa = PBXBuildFile; fileRef = D0E261272D15E0F7003D6C71 /* Base */; };
		D0E2612A2D15E0F9003D6C71 /* Assets.xcassets in Resources */ = {isa = PBXBuildFile; fileRef = D0E261292D15E0F9003D6C71 /* Assets.xcassets */; };
		D0E2612D2D15E0F9003D6C71 /* Base in Resources */ = {isa = PBXBuildFile; fileRef = D0E2612C2D15E0F9003D6C71 /* Base */; };
		D0E261382D15E258003D6C71 /* TabBarViewController.swift in Sources */ = {isa = PBXBuildFile; fileRef = D0E261372D15E258003D6C71 /* TabBarViewController.swift */; };
		D0E2613A2D15E2A3003D6C71 /* HomeViewController.swift in Sources */ = {isa = PBXBuildFile; fileRef = D0E261392D15E2A3003D6C71 /* HomeViewController.swift */; };
		D0E2613C2D15E2AF003D6C71 /* SearchViewController.swift in Sources */ = {isa = PBXBuildFile; fileRef = D0E2613B2D15E2AF003D6C71 /* SearchViewController.swift */; };
		D0E2613E2D15E2CC003D6C71 /* ImageSelectorController.swift in Sources */ = {isa = PBXBuildFile; fileRef = D0E2613D2D15E2CC003D6C71 /* ImageSelectorController.swift */; };
		D0E261402D15E2E4003D6C71 /* NotificationsViewController.swift in Sources */ = {isa = PBXBuildFile; fileRef = D0E2613F2D15E2E4003D6C71 /* NotificationsViewController.swift */; };
		D0E261422D15E2EE003D6C71 /* ProfileViewController.swift in Sources */ = {isa = PBXBuildFile; fileRef = D0E261412D15E2EE003D6C71 /* ProfileViewController.swift */; };
/* End PBXBuildFile section */

/* Begin PBXFileReference section */
		39C49211B62A878F5ED4A342 /* Pods-InstagramClone.debug.xcconfig */ = {isa = PBXFileReference; includeInIndex = 1; lastKnownFileType = text.xcconfig; name = "Pods-InstagramClone.debug.xcconfig"; path = "Target Support Files/Pods-InstagramClone/Pods-InstagramClone.debug.xcconfig"; sourceTree = "<group>"; };
		A47029282DA8E9C00024FBEE /* Extensions.swift */ = {isa = PBXFileReference; lastKnownFileType = sourcecode.swift; path = Extensions.swift; sourceTree = "<group>"; };
		A470D5F62DAFB5A00062A804 /* CustomTextField.swift */ = {isa = PBXFileReference; lastKnownFileType = sourcecode.swift; path = CustomTextField.swift; sourceTree = "<group>"; };
		A470D5F92DAFBA390062A804 /* UIButton+AttributedTitle.swift */ = {isa = PBXFileReference; lastKnownFileType = sourcecode.swift; path = "UIButton+AttributedTitle.swift"; sourceTree = "<group>"; };
		A470D5FB2DAFC0700062A804 /* UIViewController+Gradient.swift */ = {isa = PBXFileReference; lastKnownFileType = sourcecode.swift; path = "UIViewController+Gradient.swift"; sourceTree = "<group>"; };
		A470D5FD2DAFC6870062A804 /* UIVIewController+NavigationBar.swift */ = {isa = PBXFileReference; lastKnownFileType = sourcecode.swift; path = "UIVIewController+NavigationBar.swift"; sourceTree = "<group>"; };
		A470D5FF2DAFCF8F0062A804 /* CustomButton.swift */ = {isa = PBXFileReference; lastKnownFileType = sourcecode.swift; path = CustomButton.swift; sourceTree = "<group>"; };
		A48006E82DBBA19A0031BB7E /* GoogleService-Info.plist */ = {isa = PBXFileReference; lastKnownFileType = text.plist.xml; path = "GoogleService-Info.plist"; sourceTree = "<group>"; };
		A48F69262DB2806700523B56 /* LoginViewModel.swift */ = {isa = PBXFileReference; lastKnownFileType = sourcecode.swift; path = LoginViewModel.swift; sourceTree = "<group>"; };
		A4A195972DA92A2F000C77CA /* ThemeManager.swift */ = {isa = PBXFileReference; lastKnownFileType = sourcecode.swift; path = ThemeManager.swift; sourceTree = "<group>"; };
		A4A195992DA9309B000C77CA /* CustomTabBar.swift */ = {isa = PBXFileReference; lastKnownFileType = sourcecode.swift; path = CustomTabBar.swift; sourceTree = "<group>"; };
		A4CCF55A2DACC8A900F73878 /* HomeCell.swift */ = {isa = PBXFileReference; lastKnownFileType = sourcecode.swift; path = HomeCell.swift; sourceTree = "<group>"; };
		A4DF48A62DAE5C9C0031D04B /* LoginViewController.swift */ = {isa = PBXFileReference; lastKnownFileType = sourcecode.swift; path = LoginViewController.swift; sourceTree = "<group>"; };
		A4DF48A82DAE5CE50031D04B /* RegistrationViewController.swift */ = {isa = PBXFileReference; lastKnownFileType = sourcecode.swift; path = RegistrationViewController.swift; sourceTree = "<group>"; };
		A4F090802DB6045D00F989A4 /* AuthenticationContract.swift */ = {isa = PBXFileReference; lastKnownFileType = sourcecode.swift; path = AuthenticationContract.swift; sourceTree = "<group>"; };
		A4F090822DB604BA00F989A4 /* RegistrationViewModel.swift */ = {isa = PBXFileReference; lastKnownFileType = sourcecode.swift; path = RegistrationViewModel.swift; sourceTree = "<group>"; };
		A4F090852DB6112D00F989A4 /* SettingsManager.swift */ = {isa = PBXFileReference; lastKnownFileType = sourcecode.swift; path = SettingsManager.swift; sourceTree = "<group>"; };
		A4F090872DB64F2C00F989A4 /* UIViewController+Alert.swift */ = {isa = PBXFileReference; lastKnownFileType = sourcecode.swift; path = "UIViewController+Alert.swift"; sourceTree = "<group>"; };
		B352A547463F7ACADE7A2B66 /* Pods-InstagramClone.release.xcconfig */ = {isa = PBXFileReference; includeInIndex = 1; lastKnownFileType = text.xcconfig; name = "Pods-InstagramClone.release.xcconfig"; path = "Target Support Files/Pods-InstagramClone/Pods-InstagramClone.release.xcconfig"; sourceTree = "<group>"; };
		BBFE27019D1AD07D4E88C5A5 /* Pods_InstagramClone.framework */ = {isa = PBXFileReference; explicitFileType = wrapper.framework; includeInIndex = 0; path = Pods_InstagramClone.framework; sourceTree = BUILT_PRODUCTS_DIR; };
		D0192ACF2DBD04250005171A /* ImageUploaderService.swift */ = {isa = PBXFileReference; lastKnownFileType = sourcecode.swift; path = ImageUploaderService.swift; sourceTree = "<group>"; };
		D0E2611D2D15E0F7003D6C71 /* InstagramClone.app */ = {isa = PBXFileReference; explicitFileType = wrapper.application; includeInIndex = 0; path = InstagramClone.app; sourceTree = BUILT_PRODUCTS_DIR; };
		D0E261202D15E0F7003D6C71 /* AppDelegate.swift */ = {isa = PBXFileReference; lastKnownFileType = sourcecode.swift; path = AppDelegate.swift; sourceTree = "<group>"; };
		D0E261272D15E0F7003D6C71 /* Base */ = {isa = PBXFileReference; lastKnownFileType = file.storyboard; name = Base; path = Base.lproj/Main.storyboard; sourceTree = "<group>"; };
		D0E261292D15E0F9003D6C71 /* Assets.xcassets */ = {isa = PBXFileReference; lastKnownFileType = folder.assetcatalog; path = Assets.xcassets; sourceTree = "<group>"; };
		D0E2612C2D15E0F9003D6C71 /* Base */ = {isa = PBXFileReference; lastKnownFileType = file.storyboard; name = Base; path = Base.lproj/LaunchScreen.storyboard; sourceTree = "<group>"; };
		D0E2612E2D15E0F9003D6C71 /* Info.plist */ = {isa = PBXFileReference; lastKnownFileType = text.plist.xml; path = Info.plist; sourceTree = "<group>"; };
		D0E261372D15E258003D6C71 /* TabBarViewController.swift */ = {isa = PBXFileReference; lastKnownFileType = sourcecode.swift; path = TabBarViewController.swift; sourceTree = "<group>"; };
		D0E261392D15E2A3003D6C71 /* HomeViewController.swift */ = {isa = PBXFileReference; lastKnownFileType = sourcecode.swift; path = HomeViewController.swift; sourceTree = "<group>"; };
		D0E2613B2D15E2AF003D6C71 /* SearchViewController.swift */ = {isa = PBXFileReference; lastKnownFileType = sourcecode.swift; path = SearchViewController.swift; sourceTree = "<group>"; };
		D0E2613D2D15E2CC003D6C71 /* ImageSelectorController.swift */ = {isa = PBXFileReference; lastKnownFileType = sourcecode.swift; path = ImageSelectorController.swift; sourceTree = "<group>"; };
		D0E2613F2D15E2E4003D6C71 /* NotificationsViewController.swift */ = {isa = PBXFileReference; lastKnownFileType = sourcecode.swift; path = NotificationsViewController.swift; sourceTree = "<group>"; };
		D0E261412D15E2EE003D6C71 /* ProfileViewController.swift */ = {isa = PBXFileReference; lastKnownFileType = sourcecode.swift; path = ProfileViewController.swift; sourceTree = "<group>"; };
/* End PBXFileReference section */

/* Begin PBXFrameworksBuildPhase section */
		D0E2611A2D15E0F7003D6C71 /* Frameworks */ = {
			isa = PBXFrameworksBuildPhase;
			buildActionMask = 2147483647;
			files = (
				3F7435E491FB4D3D8BD8ADF5 /* Pods_InstagramClone.framework in Frameworks */,
			);
			runOnlyForDeploymentPostprocessing = 0;
		};
/* End PBXFrameworksBuildPhase section */

/* Begin PBXGroup section */
		A4427E6B2DA8F060003688F2 /* TabBar */ = {
			isa = PBXGroup;
			children = (
				D0E261372D15E258003D6C71 /* TabBarViewController.swift */,
				A4A195992DA9309B000C77CA /* CustomTabBar.swift */,
			);
			path = TabBar;
			sourceTree = "<group>";
		};
		A4427E6C2DA8F073003688F2 /* Home */ = {
			isa = PBXGroup;
			children = (
				A4A195942DA9273A000C77CA /* Model */,
				A4A195952DA92747000C77CA /* View */,
			);
			path = Home;
			sourceTree = "<group>";
		};
		A4427E6D2DA8F080003688F2 /* Search */ = {
			isa = PBXGroup;
			children = (
				D0E2613B2D15E2AF003D6C71 /* SearchViewController.swift */,
			);
			path = Search;
			sourceTree = "<group>";
		};
		A4427E6E2DA8F087003688F2 /* Notifications */ = {
			isa = PBXGroup;
			children = (
				D0E2613F2D15E2E4003D6C71 /* NotificationsViewController.swift */,
			);
			path = Notifications;
			sourceTree = "<group>";
		};
		A4427E6F2DA8F091003688F2 /* Profile */ = {
			isa = PBXGroup;
			children = (
				D0E261412D15E2EE003D6C71 /* ProfileViewController.swift */,
			);
			path = Profile;
			sourceTree = "<group>";
		};
		A47029272DA8E44D0024FBEE /* Resources */ = {
			isa = PBXGroup;
			children = (
				A48006E82DBBA19A0031BB7E /* GoogleService-Info.plist */,
				D0E261292D15E0F9003D6C71 /* Assets.xcassets */,
				D0E2612B2D15E0F9003D6C71 /* LaunchScreen.storyboard */,
				D0E261262D15E0F7003D6C71 /* Main.storyboard */,
			);
			path = Resources;
			sourceTree = "<group>";
		};
		A470292A2DA8EA040024FBEE /* Core */ = {
			isa = PBXGroup;
			children = (
				D0E261202D15E0F7003D6C71 /* AppDelegate.swift */,
				A4BF0C022DA8EEC2004C3CC6 /* Base */,
				A4BF0C032DA8EEC6004C3CC6 /* Extensions */,
				A470D5F82DAFB5B10062A804 /* Components */,
			);
			path = Core;
			sourceTree = "<group>";
		};
		A470D5F82DAFB5B10062A804 /* Components */ = {
			isa = PBXGroup;
			children = (
				A470D5F62DAFB5A00062A804 /* CustomTextField.swift */,
				A470D5FF2DAFCF8F0062A804 /* CustomButton.swift */,
			);
			path = Components;
			sourceTree = "<group>";
		};
		A48F69222DB274AE00523B56 /* ViewModel */ = {
			isa = PBXGroup;
			children = (
				A4F090802DB6045D00F989A4 /* AuthenticationContract.swift */,
				A48F69262DB2806700523B56 /* LoginViewModel.swift */,
				A4F090822DB604BA00F989A4 /* RegistrationViewModel.swift */,
			);
			path = ViewModel;
			sourceTree = "<group>";
		};
		A48F69232DB274F200523B56 /* View */ = {
			isa = PBXGroup;
			children = (
				A4DF48A62DAE5C9C0031D04B /* LoginViewController.swift */,
				A4DF48A82DAE5CE50031D04B /* RegistrationViewController.swift */,
			);
			path = View;
			sourceTree = "<group>";
		};
		A4A195922DA926EC000C77CA /* ImageSelector */ = {
			isa = PBXGroup;
			children = (
				D0E2613D2D15E2CC003D6C71 /* ImageSelectorController.swift */,
			);
			path = ImageSelector;
			sourceTree = "<group>";
		};
		A4A195942DA9273A000C77CA /* Model */ = {
			isa = PBXGroup;
			children = (
			);
			path = Model;
			sourceTree = "<group>";
		};
		A4A195952DA92747000C77CA /* View */ = {
			isa = PBXGroup;
			children = (
				D0E261392D15E2A3003D6C71 /* HomeViewController.swift */,
				A4CCF55A2DACC8A900F73878 /* HomeCell.swift */,
			);
			path = View;
			sourceTree = "<group>";
		};
		A4BF0C022DA8EEC2004C3CC6 /* Base */ = {
			isa = PBXGroup;
			children = (
			);
			path = Base;
			sourceTree = "<group>";
		};
		A4BF0C032DA8EEC6004C3CC6 /* Extensions */ = {
			isa = PBXGroup;
			children = (
				A47029282DA8E9C00024FBEE /* Extensions.swift */,
				A470D5F92DAFBA390062A804 /* UIButton+AttributedTitle.swift */,
				A470D5FB2DAFC0700062A804 /* UIViewController+Gradient.swift */,
				A470D5FD2DAFC6870062A804 /* UIVIewController+NavigationBar.swift */,
				A4F090872DB64F2C00F989A4 /* UIViewController+Alert.swift */,
			);
			path = Extensions;
			sourceTree = "<group>";
		};
		A4BF0C042DA8EF9D004C3CC6 /* Managers */ = {
			isa = PBXGroup;
			children = (
				A4A195972DA92A2F000C77CA /* ThemeManager.swift */,
				A4F090852DB6112D00F989A4 /* SettingsManager.swift */,
			);
			path = Managers;
			sourceTree = "<group>";
		};
		A4BF0C052DA8EFA3004C3CC6 /* Services */ = {
			isa = PBXGroup;
			children = (
				D0192ACF2DBD04250005171A /* ImageUploaderService.swift */,
			);
			path = Services;
			sourceTree = "<group>";
		};
		A4BF0C062DA8EFAB004C3CC6 /* Screens */ = {
			isa = PBXGroup;
			children = (
				A4DF48A42DAE5C370031D04B /* Authentication */,
				A4427E6B2DA8F060003688F2 /* TabBar */,
				A4427E6C2DA8F073003688F2 /* Home */,
				A4427E6D2DA8F080003688F2 /* Search */,
				A4A195922DA926EC000C77CA /* ImageSelector */,
				A4427E6E2DA8F087003688F2 /* Notifications */,
				A4427E6F2DA8F091003688F2 /* Profile */,
			);
			path = Screens;
			sourceTree = "<group>";
		};
		A4DF48A42DAE5C370031D04B /* Authentication */ = {
			isa = PBXGroup;
			children = (
				A48F69232DB274F200523B56 /* View */,
				A48F69222DB274AE00523B56 /* ViewModel */,
			);
			path = Authentication;
			sourceTree = "<group>";
		};
		B20D0365A056F96CE09779C1 /* Frameworks */ = {
			isa = PBXGroup;
			children = (
				BBFE27019D1AD07D4E88C5A5 /* Pods_InstagramClone.framework */,
			);
			name = Frameworks;
			sourceTree = "<group>";
		};
		D0E261142D15E0F7003D6C71 = {
			isa = PBXGroup;
			children = (
				D0E2611F2D15E0F7003D6C71 /* InstagramClone */,
				D0E2611E2D15E0F7003D6C71 /* Products */,
				E7650E75BAF919DE7BBD1F2F /* Pods */,
				B20D0365A056F96CE09779C1 /* Frameworks */,
			);
			sourceTree = "<group>";
		};
		D0E2611E2D15E0F7003D6C71 /* Products */ = {
			isa = PBXGroup;
			children = (
				D0E2611D2D15E0F7003D6C71 /* InstagramClone.app */,
			);
			name = Products;
			sourceTree = "<group>";
		};
		D0E2611F2D15E0F7003D6C71 /* InstagramClone */ = {
			isa = PBXGroup;
			children = (
				A470292A2DA8EA040024FBEE /* Core */,
				A4BF0C042DA8EF9D004C3CC6 /* Managers */,
				A4BF0C052DA8EFA3004C3CC6 /* Services */,
				A4BF0C062DA8EFAB004C3CC6 /* Screens */,
				A47029272DA8E44D0024FBEE /* Resources */,
				D0E2612E2D15E0F9003D6C71 /* Info.plist */,
			);
			path = InstagramClone;
			sourceTree = "<group>";
		};
		E7650E75BAF919DE7BBD1F2F /* Pods */ = {
			isa = PBXGroup;
			children = (
				39C49211B62A878F5ED4A342 /* Pods-InstagramClone.debug.xcconfig */,
				B352A547463F7ACADE7A2B66 /* Pods-InstagramClone.release.xcconfig */,
			);
			path = Pods;
			sourceTree = "<group>";
		};
/* End PBXGroup section */

/* Begin PBXNativeTarget section */
		D0E2611C2D15E0F7003D6C71 /* InstagramClone */ = {
			isa = PBXNativeTarget;
			buildConfigurationList = D0E261312D15E0F9003D6C71 /* Build configuration list for PBXNativeTarget "InstagramClone" */;
			buildPhases = (
				273D3304F1A6C0928E175430 /* [CP] Check Pods Manifest.lock */,
				D0E261192D15E0F7003D6C71 /* Sources */,
				D0E2611A2D15E0F7003D6C71 /* Frameworks */,
				D0E2611B2D15E0F7003D6C71 /* Resources */,
				EC14C0A00BF0A2004EAFD579 /* [CP] Embed Pods Frameworks */,
			);
			buildRules = (
			);
			dependencies = (
			);
			name = InstagramClone;
			productName = InstagramClone;
			productReference = D0E2611D2D15E0F7003D6C71 /* InstagramClone.app */;
			productType = "com.apple.product-type.application";
		};
/* End PBXNativeTarget section */

/* Begin PBXProject section */
		D0E261152D15E0F7003D6C71 /* Project object */ = {
			isa = PBXProject;
			attributes = {
				BuildIndependentTargetsInParallel = 1;
				LastSwiftUpdateCheck = 1530;
				LastUpgradeCheck = 1630;
				TargetAttributes = {
					D0E2611C2D15E0F7003D6C71 = {
						CreatedOnToolsVersion = 15.3;
					};
				};
			};
			buildConfigurationList = D0E261182D15E0F7003D6C71 /* Build configuration list for PBXProject "InstagramClone" */;
			compatibilityVersion = "Xcode 14.0";
			developmentRegion = en;
			hasScannedForEncodings = 0;
			knownRegions = (
				en,
				Base,
			);
			mainGroup = D0E261142D15E0F7003D6C71;
			productRefGroup = D0E2611E2D15E0F7003D6C71 /* Products */;
			projectDirPath = "";
			projectRoot = "";
			targets = (
				D0E2611C2D15E0F7003D6C71 /* InstagramClone */,
			);
		};
/* End PBXProject section */

/* Begin PBXResourcesBuildPhase section */
		D0E2611B2D15E0F7003D6C71 /* Resources */ = {
			isa = PBXResourcesBuildPhase;
			buildActionMask = 2147483647;
			files = (
				D0E2612A2D15E0F9003D6C71 /* Assets.xcassets in Resources */,
				A48006E92DBBA19A0031BB7E /* GoogleService-Info.plist in Resources */,
				D0E2612D2D15E0F9003D6C71 /* Base in Resources */,
				D0E261282D15E0F7003D6C71 /* Base in Resources */,
			);
			runOnlyForDeploymentPostprocessing = 0;
		};
/* End PBXResourcesBuildPhase section */

/* Begin PBXShellScriptBuildPhase section */
		273D3304F1A6C0928E175430 /* [CP] Check Pods Manifest.lock */ = {
			isa = PBXShellScriptBuildPhase;
			buildActionMask = 2147483647;
			files = (
			);
			inputFileListPaths = (
			);
			inputPaths = (
				"${PODS_PODFILE_DIR_PATH}/Podfile.lock",
				"${PODS_ROOT}/Manifest.lock",
			);
			name = "[CP] Check Pods Manifest.lock";
			outputFileListPaths = (
			);
			outputPaths = (
				"$(DERIVED_FILE_DIR)/Pods-InstagramClone-checkManifestLockResult.txt",
			);
			runOnlyForDeploymentPostprocessing = 0;
			shellPath = /bin/sh;
			shellScript = "diff \"${PODS_PODFILE_DIR_PATH}/Podfile.lock\" \"${PODS_ROOT}/Manifest.lock\" > /dev/null\nif [ $? != 0 ] ; then\n    # print error to STDERR\n    echo \"error: The sandbox is not in sync with the Podfile.lock. Run 'pod install' or update your CocoaPods installation.\" >&2\n    exit 1\nfi\n# This output is used by Xcode 'outputs' to avoid re-running this script phase.\necho \"SUCCESS\" > \"${SCRIPT_OUTPUT_FILE_0}\"\n";
			showEnvVarsInLog = 0;
		};
		EC14C0A00BF0A2004EAFD579 /* [CP] Embed Pods Frameworks */ = {
			isa = PBXShellScriptBuildPhase;
			buildActionMask = 2147483647;
			files = (
			);
			inputFileListPaths = (
				"${PODS_ROOT}/Target Support Files/Pods-InstagramClone/Pods-InstagramClone-frameworks-${CONFIGURATION}-input-files.xcfilelist",
			);
			name = "[CP] Embed Pods Frameworks";
			outputFileListPaths = (
				"${PODS_ROOT}/Target Support Files/Pods-InstagramClone/Pods-InstagramClone-frameworks-${CONFIGURATION}-output-files.xcfilelist",
			);
			runOnlyForDeploymentPostprocessing = 0;
			shellPath = /bin/sh;
			shellScript = "\"${PODS_ROOT}/Target Support Files/Pods-InstagramClone/Pods-InstagramClone-frameworks.sh\"\n";
			showEnvVarsInLog = 0;
		};
/* End PBXShellScriptBuildPhase section */

/* Begin PBXSourcesBuildPhase section */
		D0E261192D15E0F7003D6C71 /* Sources */ = {
			isa = PBXSourcesBuildPhase;
			buildActionMask = 2147483647;
			files = (
				A470D5FC2DAFC0700062A804 /* UIViewController+Gradient.swift in Sources */,
				A470D5F72DAFB5A00062A804 /* CustomTextField.swift in Sources */,
				A470D6002DAFCF8F0062A804 /* CustomButton.swift in Sources */,
				A4DF48A72DAE5C9C0031D04B /* LoginViewController.swift in Sources */,
				D0E2613E2D15E2CC003D6C71 /* ImageSelectorController.swift in Sources */,
				A47029292DA8E9C00024FBEE /* Extensions.swift in Sources */,
				D0E261402D15E2E4003D6C71 /* NotificationsViewController.swift in Sources */,
				A4F090812DB6045D00F989A4 /* AuthenticationContract.swift in Sources */,
				A470D5FE2DAFC6870062A804 /* UIVIewController+NavigationBar.swift in Sources */,
				A4DF48A92DAE5CE50031D04B /* RegistrationViewController.swift in Sources */,
				A4F090832DB604BA00F989A4 /* RegistrationViewModel.swift in Sources */,
				A4CCF55B2DACC8A900F73878 /* HomeCell.swift in Sources */,
				A4F090882DB64F2C00F989A4 /* UIViewController+Alert.swift in Sources */,
				D0E2613C2D15E2AF003D6C71 /* SearchViewController.swift in Sources */,
				D0E261212D15E0F7003D6C71 /* AppDelegate.swift in Sources */,
				A4A195982DA92A2F000C77CA /* ThemeManager.swift in Sources */,
				A4A1959A2DA9309B000C77CA /* CustomTabBar.swift in Sources */,
				D0192AD02DBD04250005171A /* ImageUploaderService.swift in Sources */,
				A470D5FA2DAFBA390062A804 /* UIButton+AttributedTitle.swift in Sources */,
				D0E261422D15E2EE003D6C71 /* ProfileViewController.swift in Sources */,
				D0E2613A2D15E2A3003D6C71 /* HomeViewController.swift in Sources */,
				A48F69272DB2806700523B56 /* LoginViewModel.swift in Sources */,
				A4F090862DB6112D00F989A4 /* SettingsManager.swift in Sources */,
				D0E261382D15E258003D6C71 /* TabBarViewController.swift in Sources */,
			);
			runOnlyForDeploymentPostprocessing = 0;
		};
/* End PBXSourcesBuildPhase section */

/* Begin PBXVariantGroup section */
		D0E261262D15E0F7003D6C71 /* Main.storyboard */ = {
			isa = PBXVariantGroup;
			children = (
				D0E261272D15E0F7003D6C71 /* Base */,
			);
			name = Main.storyboard;
			sourceTree = "<group>";
		};
		D0E2612B2D15E0F9003D6C71 /* LaunchScreen.storyboard */ = {
			isa = PBXVariantGroup;
			children = (
				D0E2612C2D15E0F9003D6C71 /* Base */,
			);
			name = LaunchScreen.storyboard;
			sourceTree = "<group>";
		};
/* End PBXVariantGroup section */

/* Begin XCBuildConfiguration section */
		D0E2612F2D15E0F9003D6C71 /* Debug */ = {
			isa = XCBuildConfiguration;
			buildSettings = {
				ALWAYS_SEARCH_USER_PATHS = NO;
				ASSETCATALOG_COMPILER_GENERATE_SWIFT_ASSET_SYMBOL_EXTENSIONS = YES;
				CLANG_ANALYZER_NONNULL = YES;
				CLANG_ANALYZER_NUMBER_OBJECT_CONVERSION = YES_AGGRESSIVE;
				CLANG_CXX_LANGUAGE_STANDARD = "gnu++20";
				CLANG_ENABLE_MODULES = YES;
				CLANG_ENABLE_OBJC_ARC = YES;
				CLANG_ENABLE_OBJC_WEAK = YES;
				CLANG_WARN_BLOCK_CAPTURE_AUTORELEASING = YES;
				CLANG_WARN_BOOL_CONVERSION = YES;
				CLANG_WARN_COMMA = YES;
				CLANG_WARN_CONSTANT_CONVERSION = YES;
				CLANG_WARN_DEPRECATED_OBJC_IMPLEMENTATIONS = YES;
				CLANG_WARN_DIRECT_OBJC_ISA_USAGE = YES_ERROR;
				CLANG_WARN_DOCUMENTATION_COMMENTS = YES;
				CLANG_WARN_EMPTY_BODY = YES;
				CLANG_WARN_ENUM_CONVERSION = YES;
				CLANG_WARN_INFINITE_RECURSION = YES;
				CLANG_WARN_INT_CONVERSION = YES;
				CLANG_WARN_NON_LITERAL_NULL_CONVERSION = YES;
				CLANG_WARN_OBJC_IMPLICIT_RETAIN_SELF = YES;
				CLANG_WARN_OBJC_LITERAL_CONVERSION = YES;
				CLANG_WARN_OBJC_ROOT_CLASS = YES_ERROR;
				CLANG_WARN_QUOTED_INCLUDE_IN_FRAMEWORK_HEADER = YES;
				CLANG_WARN_RANGE_LOOP_ANALYSIS = YES;
				CLANG_WARN_STRICT_PROTOTYPES = YES;
				CLANG_WARN_SUSPICIOUS_MOVE = YES;
				CLANG_WARN_UNGUARDED_AVAILABILITY = YES_AGGRESSIVE;
				CLANG_WARN_UNREACHABLE_CODE = YES;
				CLANG_WARN__DUPLICATE_METHOD_MATCH = YES;
				COPY_PHASE_STRIP = NO;
				DEBUG_INFORMATION_FORMAT = dwarf;
				DEVELOPMENT_TEAM = DPQ98A8CD6;
				ENABLE_STRICT_OBJC_MSGSEND = YES;
				ENABLE_TESTABILITY = YES;
				ENABLE_USER_SCRIPT_SANDBOXING = NO;
				GCC_C_LANGUAGE_STANDARD = gnu17;
				GCC_DYNAMIC_NO_PIC = NO;
				GCC_NO_COMMON_BLOCKS = YES;
				GCC_OPTIMIZATION_LEVEL = 0;
				GCC_PREPROCESSOR_DEFINITIONS = (
					"DEBUG=1",
					"$(inherited)",
				);
				GCC_WARN_64_TO_32_BIT_CONVERSION = YES;
				GCC_WARN_ABOUT_RETURN_TYPE = YES_ERROR;
				GCC_WARN_UNDECLARED_SELECTOR = YES;
				GCC_WARN_UNINITIALIZED_AUTOS = YES_AGGRESSIVE;
				GCC_WARN_UNUSED_FUNCTION = YES;
				GCC_WARN_UNUSED_VARIABLE = YES;
				IPHONEOS_DEPLOYMENT_TARGET = 17.4;
				LOCALIZATION_PREFERS_STRING_CATALOGS = YES;
				MTL_ENABLE_DEBUG_INFO = INCLUDE_SOURCE;
				MTL_FAST_MATH = YES;
				ONLY_ACTIVE_ARCH = YES;
				SDKROOT = iphoneos;
				SWIFT_ACTIVE_COMPILATION_CONDITIONS = "DEBUG $(inherited)";
				SWIFT_OPTIMIZATION_LEVEL = "-Onone";
			};
			name = Debug;
		};
		D0E261302D15E0F9003D6C71 /* Release */ = {
			isa = XCBuildConfiguration;
			buildSettings = {
				ALWAYS_SEARCH_USER_PATHS = NO;
				ASSETCATALOG_COMPILER_GENERATE_SWIFT_ASSET_SYMBOL_EXTENSIONS = YES;
				CLANG_ANALYZER_NONNULL = YES;
				CLANG_ANALYZER_NUMBER_OBJECT_CONVERSION = YES_AGGRESSIVE;
				CLANG_CXX_LANGUAGE_STANDARD = "gnu++20";
				CLANG_ENABLE_MODULES = YES;
				CLANG_ENABLE_OBJC_ARC = YES;
				CLANG_ENABLE_OBJC_WEAK = YES;
				CLANG_WARN_BLOCK_CAPTURE_AUTORELEASING = YES;
				CLANG_WARN_BOOL_CONVERSION = YES;
				CLANG_WARN_COMMA = YES;
				CLANG_WARN_CONSTANT_CONVERSION = YES;
				CLANG_WARN_DEPRECATED_OBJC_IMPLEMENTATIONS = YES;
				CLANG_WARN_DIRECT_OBJC_ISA_USAGE = YES_ERROR;
				CLANG_WARN_DOCUMENTATION_COMMENTS = YES;
				CLANG_WARN_EMPTY_BODY = YES;
				CLANG_WARN_ENUM_CONVERSION = YES;
				CLANG_WARN_INFINITE_RECURSION = YES;
				CLANG_WARN_INT_CONVERSION = YES;
				CLANG_WARN_NON_LITERAL_NULL_CONVERSION = YES;
				CLANG_WARN_OBJC_IMPLICIT_RETAIN_SELF = YES;
				CLANG_WARN_OBJC_LITERAL_CONVERSION = YES;
				CLANG_WARN_OBJC_ROOT_CLASS = YES_ERROR;
				CLANG_WARN_QUOTED_INCLUDE_IN_FRAMEWORK_HEADER = YES;
				CLANG_WARN_RANGE_LOOP_ANALYSIS = YES;
				CLANG_WARN_STRICT_PROTOTYPES = YES;
				CLANG_WARN_SUSPICIOUS_MOVE = YES;
				CLANG_WARN_UNGUARDED_AVAILABILITY = YES_AGGRESSIVE;
				CLANG_WARN_UNREACHABLE_CODE = YES;
				CLANG_WARN__DUPLICATE_METHOD_MATCH = YES;
				COPY_PHASE_STRIP = NO;
				DEBUG_INFORMATION_FORMAT = "dwarf-with-dsym";
				DEVELOPMENT_TEAM = DPQ98A8CD6;
				ENABLE_NS_ASSERTIONS = NO;
				ENABLE_STRICT_OBJC_MSGSEND = YES;
				ENABLE_USER_SCRIPT_SANDBOXING = NO;
				GCC_C_LANGUAGE_STANDARD = gnu17;
				GCC_NO_COMMON_BLOCKS = YES;
				GCC_WARN_64_TO_32_BIT_CONVERSION = YES;
				GCC_WARN_ABOUT_RETURN_TYPE = YES_ERROR;
				GCC_WARN_UNDECLARED_SELECTOR = YES;
				GCC_WARN_UNINITIALIZED_AUTOS = YES_AGGRESSIVE;
				GCC_WARN_UNUSED_FUNCTION = YES;
				GCC_WARN_UNUSED_VARIABLE = YES;
				IPHONEOS_DEPLOYMENT_TARGET = 17.4;
				LOCALIZATION_PREFERS_STRING_CATALOGS = YES;
				MTL_ENABLE_DEBUG_INFO = NO;
				MTL_FAST_MATH = YES;
				SDKROOT = iphoneos;
				SWIFT_COMPILATION_MODE = wholemodule;
				VALIDATE_PRODUCT = YES;
			};
			name = Release;
		};
		D0E261322D15E0F9003D6C71 /* Debug */ = {
			isa = XCBuildConfiguration;
			baseConfigurationReference = 39C49211B62A878F5ED4A342 /* Pods-InstagramClone.debug.xcconfig */;
			buildSettings = {
				ASSETCATALOG_COMPILER_APPICON_NAME = AppIcon;
				ASSETCATALOG_COMPILER_GLOBAL_ACCENT_COLOR_NAME = AccentColor;
				CODE_SIGN_STYLE = Automatic;
				CURRENT_PROJECT_VERSION = 1;
				GENERATE_INFOPLIST_FILE = YES;
				INFOPLIST_FILE = InstagramClone/Info.plist;
				INFOPLIST_KEY_CFBundleDisplayName = Instagram;
				INFOPLIST_KEY_LSApplicationCategoryType = "public.app-category.entertainment";
				INFOPLIST_KEY_UIApplicationSupportsIndirectInputEvents = YES;
				INFOPLIST_KEY_UILaunchStoryboardName = LaunchScreen;
				INFOPLIST_KEY_UIMainStoryboardFile = Main;
				INFOPLIST_KEY_UIStatusBarHidden = YES;
				INFOPLIST_KEY_UIStatusBarStyle = "";
				INFOPLIST_KEY_UISupportedInterfaceOrientations = UIInterfaceOrientationPortrait;
				IPHONEOS_DEPLOYMENT_TARGET = 13.0;
				LD_RUNPATH_SEARCH_PATHS = (
					"$(inherited)",
					"@executable_path/Frameworks",
				);
				MARKETING_VERSION = 1.0;
				PRODUCT_BUNDLE_IDENTIFIER = com.bakhromusmanov.InstagramClone;
				PRODUCT_NAME = "$(TARGET_NAME)";
				SUPPORTED_PLATFORMS = "iphoneos iphonesimulator";
				SUPPORTS_MACCATALYST = NO;
				SUPPORTS_MAC_DESIGNED_FOR_IPHONE_IPAD = NO;
				SUPPORTS_XR_DESIGNED_FOR_IPHONE_IPAD = NO;
				SWIFT_EMIT_LOC_STRINGS = YES;
				SWIFT_VERSION = 5.0;
				TARGETED_DEVICE_FAMILY = 1;
			};
			name = Debug;
		};
		D0E261332D15E0F9003D6C71 /* Release */ = {
			isa = XCBuildConfiguration;
			baseConfigurationReference = B352A547463F7ACADE7A2B66 /* Pods-InstagramClone.release.xcconfig */;
			buildSettings = {
				ASSETCATALOG_COMPILER_APPICON_NAME = AppIcon;
				ASSETCATALOG_COMPILER_GLOBAL_ACCENT_COLOR_NAME = AccentColor;
				CODE_SIGN_STYLE = Automatic;
				CURRENT_PROJECT_VERSION = 1;
				GENERATE_INFOPLIST_FILE = YES;
				INFOPLIST_FILE = InstagramClone/Info.plist;
				INFOPLIST_KEY_CFBundleDisplayName = Instagram;
				INFOPLIST_KEY_LSApplicationCategoryType = "public.app-category.entertainment";
				INFOPLIST_KEY_UIApplicationSupportsIndirectInputEvents = YES;
				INFOPLIST_KEY_UILaunchStoryboardName = LaunchScreen;
				INFOPLIST_KEY_UIMainStoryboardFile = Main;
				INFOPLIST_KEY_UIStatusBarHidden = YES;
				INFOPLIST_KEY_UIStatusBarStyle = "";
				INFOPLIST_KEY_UISupportedInterfaceOrientations = UIInterfaceOrientationPortrait;
				IPHONEOS_DEPLOYMENT_TARGET = 13.0;
				LD_RUNPATH_SEARCH_PATHS = (
					"$(inherited)",
					"@executable_path/Frameworks",
				);
				MARKETING_VERSION = 1.0;
				PRODUCT_BUNDLE_IDENTIFIER = com.bakhromusmanov.InstagramClone;
				PRODUCT_NAME = "$(TARGET_NAME)";
				SUPPORTED_PLATFORMS = "iphoneos iphonesimulator";
				SUPPORTS_MACCATALYST = NO;
				SUPPORTS_MAC_DESIGNED_FOR_IPHONE_IPAD = NO;
				SUPPORTS_XR_DESIGNED_FOR_IPHONE_IPAD = NO;
				SWIFT_EMIT_LOC_STRINGS = YES;
				SWIFT_VERSION = 5.0;
				TARGETED_DEVICE_FAMILY = 1;
			};
			name = Release;
		};
/* End XCBuildConfiguration section */

/* Begin XCConfigurationList section */
		D0E261182D15E0F7003D6C71 /* Build configuration list for PBXProject "InstagramClone" */ = {
			isa = XCConfigurationList;
			buildConfigurations = (
				D0E2612F2D15E0F9003D6C71 /* Debug */,
				D0E261302D15E0F9003D6C71 /* Release */,
			);
			defaultConfigurationIsVisible = 0;
			defaultConfigurationName = Release;
		};
		D0E261312D15E0F9003D6C71 /* Build configuration list for PBXNativeTarget "InstagramClone" */ = {
			isa = XCConfigurationList;
			buildConfigurations = (
				D0E261322D15E0F9003D6C71 /* Debug */,
				D0E261332D15E0F9003D6C71 /* Release */,
			);
			defaultConfigurationIsVisible = 0;
			defaultConfigurationName = Release;
		};
/* End XCConfigurationList section */
	};
	rootObject = D0E261152D15E0F7003D6C71 /* Project object */;
}
